
Microsoft Visual Studio Solution File, Format Version 12.00
# Visual Studio Version 16
VisualStudioVersion = 16.0.31911.196
MinimumVisualStudioVersion = 10.0.40219.1
Project("{FAE04EC0-301F-11D3-BF4B-00C04F79EFBC}") = "DopplerRadar", "DopplerRadar\DopplerRadar.csproj", "{44287265-50AB-445C-90CB-11D892A45FAE}"
EndProject
Global
	GlobalSection(SolutionConfigurationPlatforms) = preSolution
		Debug|Any CPU = Debug|Any CPU
		Release|Any CPU = Release|Any CPU
	EndGlobalSection
	GlobalSection(ProjectConfigurationPlatforms) = postSolution
		{44287265-50AB-445C-90CB-11D892A45FAE}.Debug|Any CPU.ActiveCfg = Debug|Any CPU
		{44287265-50AB-445C-90CB-11D892A45FAE}.Debug|Any CPU.Build.0 = Debug|Any CPU
		{44287265-50AB-445C-90CB-11D892A45FAE}.Release|Any CPU.ActiveCfg = Release|Any CPU
		{44287265-50AB-445C-90CB-11D892A45FAE}.Release|Any CPU.Build.0 = Release|Any CPU
	EndGlobalSection
	GlobalSection(SolutionProperties) = preSolution
		HideSolutionNode = FALSE
	EndGlobalSection
	GlobalSection(ExtensibilityGlobals) = postSolution
		SolutionGuid = {4136D709-76DE-4B07-982D-D052230D8CF9}
	EndGlobalSection
EndGlobal
